
Microsoft Visual Studio Solution File, Format Version 12.00
# Visual Studio Version 17
VisualStudioVersion = 17.2.32616.157
MinimumVisualStudioVersion = 10.0.40219.1
Project("{FAE04EC0-301F-11D3-BF4B-00C04F79EFBC}") = "Lab_1", "Lab_1\Lab_1.csproj", "{FDD550D7-D83B-47B5-B0C6-16F6F53D4F64}"
EndProject
Global
	GlobalSection(SolutionConfigurationPlatforms) = preSolution
		Debug|Any CPU = Debug|Any CPU
		Release|Any CPU = Release|Any CPU
	EndGlobalSection
	GlobalSection(ProjectConfigurationPlatforms) = postSolution
		{FDD550D7-D83B-47B5-B0C6-16F6F53D4F64}.Debug|Any CPU.ActiveCfg = Debug|Any CPU
		{FDD550D7-D83B-47B5-B0C6-16F6F53D4F64}.Debug|Any CPU.Build.0 = Debug|Any CPU
		{FDD550D7-D83B-47B5-B0C6-16F6F53D4F64}.Release|Any CPU.ActiveCfg = Release|Any CPU
		{FDD550D7-D83B-47B5-B0C6-16F6F53D4F64}.Release|Any CPU.Build.0 = Release|Any CPU
	EndGlobalSection
	GlobalSection(SolutionProperties) = preSolution
		HideSolutionNode = FALSE
	EndGlobalSection
	GlobalSection(ExtensibilityGlobals) = postSolution
		SolutionGuid = {F062CBFE-0AAA-459A-B78F-991110800137}
	EndGlobalSection
EndGlobal
